
Microsoft Visual Studio Solution File, Format Version 12.00
# Visual Studio Version 17
VisualStudioVersion = 17.1.32328.378
MinimumVisualStudioVersion = 10.0.40219.1
Project("{FAE04EC0-301F-11D3-BF4B-00C04F79EFBC}") = "WorkScheduleSolution", "WorkScheduleSolution.csproj", "{7AE4C7CA-A8E5-476A-A13D-310D18D132A5}"
EndProject
Global
	GlobalSection(SolutionConfigurationPlatforms) = preSolution
		Debug|Any CPU = Debug|Any CPU
		Release|Any CPU = Release|Any CPU
	EndGlobalSection
	GlobalSection(ProjectConfigurationPlatforms) = postSolution
		{7AE4C7CA-A8E5-476A-A13D-310D18D132A5}.Debug|Any CPU.ActiveCfg = Debug|Any CPU
		{7AE4C7CA-A8E5-476A-A13D-310D18D132A5}.Debug|Any CPU.Build.0 = Debug|Any CPU
		{7AE4C7CA-A8E5-476A-A13D-310D18D132A5}.Release|Any CPU.ActiveCfg = Release|Any CPU
		{7AE4C7CA-A8E5-476A-A13D-310D18D132A5}.Release|Any CPU.Build.0 = Release|Any CPU
	EndGlobalSection
	GlobalSection(SolutionProperties) = preSolution
		HideSolutionNode = FALSE
	EndGlobalSection
	GlobalSection(ExtensibilityGlobals) = postSolution
		SolutionGuid = {ECCE871F-7476-4CAB-B3A1-7BE25D4A5755}
	EndGlobalSection
EndGlobal
